// !$*UTF8*$!
{
	archiveVersion = 1;
	classes = {
	};
	objectVersion = 50;
	objects = {

/* Begin PBXBuildFile section */
		C16BF886210B305D00A831F3 /* BookDetailViewController.swift in Sources */ = {isa = PBXBuildFile; fileRef = C16BF885210B305D00A831F3 /* BookDetailViewController.swift */; };
		C1AC8272210D08E600F9F39E /* InPutViewController.swift in Sources */ = {isa = PBXBuildFile; fileRef = C1AC8271210D08E600F9F39E /* InPutViewController.swift */; };
		C1DFAA6A210AEB5A00B95E6A /* AppDelegate.swift in Sources */ = {isa = PBXBuildFile; fileRef = C1DFAA69210AEB5A00B95E6A /* AppDelegate.swift */; };
		C1DFAA6F210AEB5A00B95E6A /* Main.storyboard in Resources */ = {isa = PBXBuildFile; fileRef = C1DFAA6D210AEB5A00B95E6A /* Main.storyboard */; };
		C1DFAA71210AEB5B00B95E6A /* Assets.xcassets in Resources */ = {isa = PBXBuildFile; fileRef = C1DFAA70210AEB5B00B95E6A /* Assets.xcassets */; };
		C1DFAA74210AEB5B00B95E6A /* LaunchScreen.storyboard in Resources */ = {isa = PBXBuildFile; fileRef = C1DFAA72210AEB5B00B95E6A /* LaunchScreen.storyboard */; };
		C1DFAA7E210AEBBB00B95E6A /* bookListTableViewController.swift in Sources */ = {isa = PBXBuildFile; fileRef = C1DFAA7D210AEBBB00B95E6A /* bookListTableViewController.swift */; };
		C1DFAA80210AECEF00B95E6A /* book.swift in Sources */ = {isa = PBXBuildFile; fileRef = C1DFAA7F210AECEF00B95E6A /* book.swift */; };
/* End PBXBuildFile section */

/* Begin PBXFileReference section */
		C16BF885210B305D00A831F3 /* BookDetailViewController.swift */ = {isa = PBXFileReference; lastKnownFileType = sourcecode.swift; path = BookDetailViewController.swift; sourceTree = "<group>"; };
		C1AC8271210D08E600F9F39E /* InPutViewController.swift */ = {isa = PBXFileReference; lastKnownFileType = sourcecode.swift; path = InPutViewController.swift; sourceTree = "<group>"; };
		C1DFAA66210AEB5A00B95E6A /* view.app */ = {isa = PBXFileReference; explicitFileType = wrapper.application; includeInIndex = 0; path = view.app; sourceTree = BUILT_PRODUCTS_DIR; };
		C1DFAA69210AEB5A00B95E6A /* AppDelegate.swift */ = {isa = PBXFileReference; lastKnownFileType = sourcecode.swift; path = AppDelegate.swift; sourceTree = "<group>"; };
		C1DFAA6E210AEB5A00B95E6A /* Base */ = {isa = PBXFileReference; lastKnownFileType = file.storyboard; name = Base; path = Base.lproj/Main.storyboard; sourceTree = "<group>"; };
		C1DFAA70210AEB5B00B95E6A /* Assets.xcassets */ = {isa = PBXFileReference; lastKnownFileType = folder.assetcatalog; path = Assets.xcassets; sourceTree = "<group>"; };
		C1DFAA73210AEB5B00B95E6A /* Base */ = {isa = PBXFileReference; lastKnownFileType = file.storyboard; name = Base; path = Base.lproj/LaunchScreen.storyboard; sourceTree = "<group>"; };
		C1DFAA75210AEB5B00B95E6A /* Info.plist */ = {isa = PBXFileReference; lastKnownFileType = text.plist.xml; path = Info.plist; sourceTree = "<group>"; };
		C1DFAA7D210AEBBB00B95E6A /* bookListTableViewController.swift */ = {isa = PBXFileReference; lastKnownFileType = sourcecode.swift; path = bookListTableViewController.swift; sourceTree = "<group>"; };
		C1DFAA7F210AECEF00B95E6A /* book.swift */ = {isa = PBXFileReference; lastKnownFileType = sourcecode.swift; path = book.swift; sourceTree = "<group>"; };
/* End PBXFileReference section */

/* Begin PBXFrameworksBuildPhase section */
		C1DFAA63210AEB5A00B95E6A /* Frameworks */ = {
			isa = PBXFrameworksBuildPhase;
			buildActionMask = 2147483647;
			files = (
			);
			runOnlyForDeploymentPostprocessing = 0;
		};
/* End PBXFrameworksBuildPhase section */

/* Begin PBXGroup section */
		C1DFAA5D210AEB5A00B95E6A = {
			isa = PBXGroup;
			children = (
				C1DFAA68210AEB5A00B95E6A /* view */,
				C1DFAA67210AEB5A00B95E6A /* Products */,
			);
			sourceTree = "<group>";
		};
		C1DFAA67210AEB5A00B95E6A /* Products */ = {
			isa = PBXGroup;
			children = (
				C1DFAA66210AEB5A00B95E6A /* view.app */,
			);
			name = Products;
			sourceTree = "<group>";
		};
		C1DFAA68210AEB5A00B95E6A /* view */ = {
			isa = PBXGroup;
			children = (
				C1DFAA69210AEB5A00B95E6A /* AppDelegate.swift */,
				C1DFAA6D210AEB5A00B95E6A /* Main.storyboard */,
				C1DFAA70210AEB5B00B95E6A /* Assets.xcassets */,
				C1DFAA72210AEB5B00B95E6A /* LaunchScreen.storyboard */,
				C1DFAA75210AEB5B00B95E6A /* Info.plist */,
				C1DFAA7F210AECEF00B95E6A /* book.swift */,
				C1DFAA7D210AEBBB00B95E6A /* bookListTableViewController.swift */,
				C16BF885210B305D00A831F3 /* BookDetailViewController.swift */,
				C1AC8271210D08E600F9F39E /* InPutViewController.swift */,
			);
			path = view;
			sourceTree = "<group>";
		};
/* End PBXGroup section */

/* Begin PBXNativeTarget section */
		C1DFAA65210AEB5A00B95E6A /* view */ = {
			isa = PBXNativeTarget;
			buildConfigurationList = C1DFAA78210AEB5B00B95E6A /* Build configuration list for PBXNativeTarget "view" */;
			buildPhases = (
				C1DFAA62210AEB5A00B95E6A /* Sources */,
				C1DFAA63210AEB5A00B95E6A /* Frameworks */,
				C1DFAA64210AEB5A00B95E6A /* Resources */,
			);
			buildRules = (
			);
			dependencies = (
			);
			name = view;
			productName = view;
			productReference = C1DFAA66210AEB5A00B95E6A /* view.app */;
			productType = "com.apple.product-type.application";
		};
/* End PBXNativeTarget section */

/* Begin PBXProject section */
		C1DFAA5E210AEB5A00B95E6A /* Project object */ = {
			isa = PBXProject;
			attributes = {
				LastSwiftUpdateCheck = 0940;
				LastUpgradeCheck = 0940;
				ORGANIZATIONNAME = "정소연";
				TargetAttributes = {
					C1DFAA65210AEB5A00B95E6A = {
						CreatedOnToolsVersion = 9.4.1;
					};
				};
			};
			buildConfigurationList = C1DFAA61210AEB5A00B95E6A /* Build configuration list for PBXProject "view" */;
			compatibilityVersion = "Xcode 9.3";
			developmentRegion = en;
			hasScannedForEncodings = 0;
			knownRegions = (
				en,
				Base,
			);
			mainGroup = C1DFAA5D210AEB5A00B95E6A;
			productRefGroup = C1DFAA67210AEB5A00B95E6A /* Products */;
			projectDirPath = "";
			projectRoot = "";
			targets = (
				C1DFAA65210AEB5A00B95E6A /* view */,
			);
		};
/* End PBXProject section */

/* Begin PBXResourcesBuildPhase section */
		C1DFAA64210AEB5A00B95E6A /* Resources */ = {
			isa = PBXResourcesBuildPhase;
			buildActionMask = 2147483647;
			files = (
				C1DFAA74210AEB5B00B95E6A /* LaunchScreen.storyboard in Resources */,
				C1DFAA71210AEB5B00B95E6A /* Assets.xcassets in Resources */,
				C1DFAA6F210AEB5A00B95E6A /* Main.storyboard in Resources */,
			);
			runOnlyForDeploymentPostprocessing = 0;
		};
/* End PBXResourcesBuildPhase section */

/* Begin PBXSourcesBuildPhase section */
		C1DFAA62210AEB5A00B95E6A /* Sources */ = {
			isa = PBXSourcesBuildPhase;
			buildActionMask = 2147483647;
			files = (
				C1DFAA7E210AEBBB00B95E6A /* bookListTableViewController.swift in Sources */,
				C1DFAA6A210AEB5A00B95E6A /* AppDelegate.swift in Sources */,
				C16BF886210B305D00A831F3 /* BookDetailViewController.swift in Sources */,
				C1AC8272210D08E600F9F39E /* InPutViewController.swift in Sources */,
				C1DFAA80210AECEF00B95E6A /* book.swift in Sources */,
			);
			runOnlyForDeploymentPostprocessing = 0;
		};
/* End PBXSourcesBuildPhase section */

/* Begin PBXVariantGroup section */
		C1DFAA6D210AEB5A00B95E6A /* Main.storyboard */ = {
			isa = PBXVariantGroup;
			children = (
				C1DFAA6E210AEB5A00B95E6A /* Base */,
			);
			name = Main.storyboard;
			sourceTree = "<group>";
		};
		C1DFAA72210AEB5B00B95E6A /* LaunchScreen.storyboard */ = {
			isa = PBXVariantGroup;
			children = (
				C1DFAA73210AEB5B00B95E6A /* Base */,
			);
			name = LaunchScreen.storyboard;
			sourceTree = "<group>";
		};
/* End PBXVariantGroup section */

/* Begin XCBuildConfiguration section */
		C1DFAA76210AEB5B00B95E6A /* Debug */ = {
			isa = XCBuildConfiguration;
			buildSettings = {
				ALWAYS_SEARCH_USER_PATHS = NO;
				CLANG_ANALYZER_NONNULL = YES;
				CLANG_ANALYZER_NUMBER_OBJECT_CONVERSION = YES_AGGRESSIVE;
				CLANG_CXX_LANGUAGE_STANDARD = "gnu++14";
				CLANG_CXX_LIBRARY = "libc++";
				CLANG_ENABLE_MODULES = YES;
				CLANG_ENABLE_OBJC_ARC = YES;
				CLANG_ENABLE_OBJC_WEAK = YES;
				CLANG_WARN_BLOCK_CAPTURE_AUTORELEASING = YES;
				CLANG_WARN_BOOL_CONVERSION = YES;
				CLANG_WARN_COMMA = YES;
				CLANG_WARN_CONSTANT_CONVERSION = YES;
				CLANG_WARN_DEPRECATED_OBJC_IMPLEMENTATIONS = YES;
				CLANG_WARN_DIRECT_OBJC_ISA_USAGE = YES_ERROR;
				CLANG_WARN_DOCUMENTATION_COMMENTS = YES;
				CLANG_WARN_EMPTY_BODY = YES;
				CLANG_WARN_ENUM_CONVERSION = YES;
				CLANG_WARN_INFINITE_RECURSION = YES;
				CLANG_WARN_INT_CONVERSION = YES;
				CLANG_WARN_NON_LITERAL_NULL_CONVERSION = YES;
				CLANG_WARN_OBJC_IMPLICIT_RETAIN_SELF = YES;
				CLANG_WARN_OBJC_LITERAL_CONVERSION = YES;
				CLANG_WARN_OBJC_ROOT_CLASS = YES_ERROR;
				CLANG_WARN_RANGE_LOOP_ANALYSIS = YES;
				CLANG_WARN_STRICT_PROTOTYPES = YES;
				CLANG_WARN_SUSPICIOUS_MOVE = YES;
				CLANG_WARN_UNGUARDED_AVAILABILITY = YES_AGGRESSIVE;
				CLANG_WARN_UNREACHABLE_CODE = YES;
				CLANG_WARN__DUPLICATE_METHOD_MATCH = YES;
				CODE_SIGN_IDENTITY = "iPhone Developer";
				COPY_PHASE_STRIP = NO;
				DEBUG_INFORMATION_FORMAT = dwarf;
				ENABLE_STRICT_OBJC_MSGSEND = YES;
				ENABLE_TESTABILITY = YES;
				GCC_C_LANGUAGE_STANDARD = gnu11;
				GCC_DYNAMIC_NO_PIC = NO;
				GCC_NO_COMMON_BLOCKS = YES;
				GCC_OPTIMIZATION_LEVEL = 0;
				GCC_PREPROCESSOR_DEFINITIONS = (
					"DEBUG=1",
					"$(inherited)",
				);
				GCC_WARN_64_TO_32_BIT_CONVERSION = YES;
				GCC_WARN_ABOUT_RETURN_TYPE = YES_ERROR;
				GCC_WARN_UNDECLARED_SELECTOR = YES;
				GCC_WARN_UNINITIALIZED_AUTOS = YES_AGGRESSIVE;
				GCC_WARN_UNUSED_FUNCTION = YES;
				GCC_WARN_UNUSED_VARIABLE = YES;
				IPHONEOS_DEPLOYMENT_TARGET = 11.4;
				MTL_ENABLE_DEBUG_INFO = YES;
				ONLY_ACTIVE_ARCH = YES;
				SDKROOT = iphoneos;
				SWIFT_ACTIVE_COMPILATION_CONDITIONS = DEBUG;
				SWIFT_OPTIMIZATION_LEVEL = "-Onone";
			};
			name = Debug;
		};
		C1DFAA77210AEB5B00B95E6A /* Release */ = {
			isa = XCBuildConfiguration;
			buildSettings = {
				ALWAYS_SEARCH_USER_PATHS = NO;
				CLANG_ANALYZER_NONNULL = YES;
				CLANG_ANALYZER_NUMBER_OBJECT_CONVERSION = YES_AGGRESSIVE;
				CLANG_CXX_LANGUAGE_STANDARD = "gnu++14";
				CLANG_CXX_LIBRARY = "libc++";
				CLANG_ENABLE_MODULES = YES;
				CLANG_ENABLE_OBJC_ARC = YES;
				CLANG_ENABLE_OBJC_WEAK = YES;
				CLANG_WARN_BLOCK_CAPTURE_AUTORELEASING = YES;
				CLANG_WARN_BOOL_CONVERSION = YES;
				CLANG_WARN_COMMA = YES;
				CLANG_WARN_CONSTANT_CONVERSION = YES;
				CLANG_WARN_DEPRECATED_OBJC_IMPLEMENTATIONS = YES;
				CLANG_WARN_DIRECT_OBJC_ISA_USAGE = YES_ERROR;
				CLANG_WARN_DOCUMENTATION_COMMENTS = YES;
				CLANG_WARN_EMPTY_BODY = YES;
				CLANG_WARN_ENUM_CONVERSION = YES;
				CLANG_WARN_INFINITE_RECURSION = YES;
				CLANG_WARN_INT_CONVERSION = YES;
				CLANG_WARN_NON_LITERAL_NULL_CONVERSION = YES;
				CLANG_WARN_OBJC_IMPLICIT_RETAIN_SELF = YES;
				CLANG_WARN_OBJC_LITERAL_CONVERSION = YES;
				CLANG_WARN_OBJC_ROOT_CLASS = YES_ERROR;
				CLANG_WARN_RANGE_LOOP_ANALYSIS = YES;
				CLANG_WARN_STRICT_PROTOTYPES = YES;
				CLANG_WARN_SUSPICIOUS_MOVE = YES;
				CLANG_WARN_UNGUARDED_AVAILABILITY = YES_AGGRESSIVE;
				CLANG_WARN_UNREACHABLE_CODE = YES;
				CLANG_WARN__DUPLICATE_METHOD_MATCH = YES;
				CODE_SIGN_IDENTITY = "iPhone Developer";
				COPY_PHASE_STRIP = NO;
				DEBUG_INFORMATION_FORMAT = "dwarf-with-dsym";
				ENABLE_NS_ASSERTIONS = NO;
				ENABLE_STRICT_OBJC_MSGSEND = YES;
				GCC_C_LANGUAGE_STANDARD = gnu11;
				GCC_NO_COMMON_BLOCKS = YES;
				GCC_WARN_64_TO_32_BIT_CONVERSION = YES;
				GCC_WARN_ABOUT_RETURN_TYPE = YES_ERROR;
				GCC_WARN_UNDECLARED_SELECTOR = YES;
				GCC_WARN_UNINITIALIZED_AUTOS = YES_AGGRESSIVE;
				GCC_WARN_UNUSED_FUNCTION = YES;
				GCC_WARN_UNUSED_VARIABLE = YES;
				IPHONEOS_DEPLOYMENT_TARGET = 11.4;
				MTL_ENABLE_DEBUG_INFO = NO;
				SDKROOT = iphoneos;
				SWIFT_COMPILATION_MODE = wholemodule;
				SWIFT_OPTIMIZATION_LEVEL = "-O";
				VALIDATE_PRODUCT = YES;
			};
			name = Release;
		};
		C1DFAA79210AEB5B00B95E6A /* Debug */ = {
			isa = XCBuildConfiguration;
			buildSettings = {
				ASSETCATALOG_COMPILER_APPICON_NAME = AppIcon;
				CODE_SIGN_STYLE = Automatic;
				DEVELOPMENT_TEAM = 3JZ9QV9FL6;
				INFOPLIST_FILE = view/Info.plist;
				LD_RUNPATH_SEARCH_PATHS = (
					"$(inherited)",
					"@executable_path/Frameworks",
				);
				PRODUCT_BUNDLE_IDENTIFIER = com..view;
				PRODUCT_NAME = "$(TARGET_NAME)";
				SWIFT_VERSION = 4.0;
				TARGETED_DEVICE_FAMILY = "1,2";
			};
			name = Debug;
		};
		C1DFAA7A210AEB5B00B95E6A /* Release */ = {
			isa = XCBuildConfiguration;
			buildSettings = {
				ASSETCATALOG_COMPILER_APPICON_NAME = AppIcon;
				CODE_SIGN_STYLE = Automatic;
				DEVELOPMENT_TEAM = 3JZ9QV9FL6;
				INFOPLIST_FILE = view/Info.plist;
				LD_RUNPATH_SEARCH_PATHS = (
					"$(inherited)",
					"@executable_path/Frameworks",
				);
				PRODUCT_BUNDLE_IDENTIFIER = com..view;
				PRODUCT_NAME = "$(TARGET_NAME)";
				SWIFT_VERSION = 4.0;
				TARGETED_DEVICE_FAMILY = "1,2";
			};
			name = Release;
		};
/* End XCBuildConfiguration section */

/* Begin XCConfigurationList section */
		C1DFAA61210AEB5A00B95E6A /* Build configuration list for PBXProject "view" */ = {
			isa = XCConfigurationList;
			buildConfigurations = (
				C1DFAA76210AEB5B00B95E6A /* Debug */,
				C1DFAA77210AEB5B00B95E6A /* Release */,
			);
			defaultConfigurationIsVisible = 0;
			defaultConfigurationName = Release;
		};
		C1DFAA78210AEB5B00B95E6A /* Build configuration list for PBXNativeTarget "view" */ = {
			isa = XCConfigurationList;
			buildConfigurations = (
				C1DFAA79210AEB5B00B95E6A /* Debug */,
				C1DFAA7A210AEB5B00B95E6A /* Release */,
			);
			defaultConfigurationIsVisible = 0;
			defaultConfigurationName = Release;
		};
/* End XCConfigurationList section */
	};
	rootObject = C1DFAA5E210AEB5A00B95E6A /* Project object */;
}
